{
  "name": "use_ajs",
  "version": "1.0.0",
  "lockfileVersion": 3,
  "requires": true,
  "packages": {
    "": {
      "name": "use_ajs",
      "version": "1.0.0",
      "license": "ISC",
      "devDependencies": {
        "@k-kokhanenko/ajs": "^1.0.0"
      }
    },
    "node_modules/@k-kokhanenko/ajs": {
      "version": "1.0.0",
      "resolved": "https://npm.pkg.github.com/download/@k-kokhanenko/ajs/1.0.0/ff8f8b05636586ccae1dcdd743de7b3031ba79ac",
      "integrity": "sha512-WHawFMMP5pNUORTFdgysKAmVbHmYDQ6QzRFQQRJepEtDKT4shN5v+AI2bt5q48VJr+w8krTtjlTzDFa+RW7nyg==",
      "dev": true,
      "license": "ISC"
    }
  }
}
